
Microsoft Visual Studio Solution File, Format Version 12.00
Project("{FAE04EC0-301F-11D3-BF4B-00C04F79EFBC}") = "MyProject", "MyProject\MyProject.csproj", "{80ED627D-54D7-462D-BF1F-2BC727DEF709}"
EndProject
Project("{2150E333-8FDC-42A3-9474-1A3956D46DE8}") = "Solution Items", "Solution Items", "{614CD450-EF4D-4E56-B047-38F2324EFD11}"
	ProjectSection(SolutionItems) = preProject
		docker-compose.yml = docker-compose.yml
		README.md = README.md
	EndProjectSection
EndProject
Global
	GlobalSection(SolutionConfigurationPlatforms) = preSolution
		Debug|Any CPU = Debug|Any CPU
		Release|Any CPU = Release|Any CPU
	EndGlobalSection
	GlobalSection(ProjectConfigurationPlatforms) = postSolution
		{80ED627D-54D7-462D-BF1F-2BC727DEF709}.Debug|Any CPU.ActiveCfg = Debug|Any CPU
		{80ED627D-54D7-462D-BF1F-2BC727DEF709}.Debug|Any CPU.Build.0 = Debug|Any CPU
		{80ED627D-54D7-462D-BF1F-2BC727DEF709}.Release|Any CPU.ActiveCfg = Release|Any CPU
		{80ED627D-54D7-462D-BF1F-2BC727DEF709}.Release|Any CPU.Build.0 = Release|Any CPU
	EndGlobalSection
EndGlobal
